
Microsoft Visual Studio Solution File, Format Version 12.00
# Visual Studio Version 17
VisualStudioVersion = 17.1.32210.238
MinimumVisualStudioVersion = 10.0.40219.1
Project("{FAE04EC0-301F-11D3-BF4B-00C04F79EFBC}") = "task27", "task27\task27.csproj", "{311A75A5-8847-45DA-8E93-B0C8D6036F20}"
EndProject
Global
	GlobalSection(SolutionConfigurationPlatforms) = preSolution
		Debug|Any CPU = Debug|Any CPU
		Release|Any CPU = Release|Any CPU
	EndGlobalSection
	GlobalSection(ProjectConfigurationPlatforms) = postSolution
		{311A75A5-8847-45DA-8E93-B0C8D6036F20}.Debug|Any CPU.ActiveCfg = Debug|Any CPU
		{311A75A5-8847-45DA-8E93-B0C8D6036F20}.Debug|Any CPU.Build.0 = Debug|Any CPU
		{311A75A5-8847-45DA-8E93-B0C8D6036F20}.Release|Any CPU.ActiveCfg = Release|Any CPU
		{311A75A5-8847-45DA-8E93-B0C8D6036F20}.Release|Any CPU.Build.0 = Release|Any CPU
	EndGlobalSection
	GlobalSection(SolutionProperties) = preSolution
		HideSolutionNode = FALSE
	EndGlobalSection
	GlobalSection(ExtensibilityGlobals) = postSolution
		SolutionGuid = {605918D7-5CC6-4084-B3CF-2C95DA92A36F}
	EndGlobalSection
EndGlobal
